lockfileVersion: '9.0'

settings:
  autoInstallPeers: true
  excludeLinksFromLockfile: false

importers:

  .:
    devDependencies:
      '@playwright/test':
        specifier: ^1.43.1
        version: 1.44.0
      '@types/node':
        specifier: ^20.12.12
        version: 20.12.12

packages:

  '@playwright/test@1.44.0':
    resolution: {integrity: sha512-rNX5lbNidamSUorBhB4XZ9SQTjAqfe5M+p37Z8ic0jPFBMo5iCtQz1kRWkEMg+rYOKSlVycpQmpqjSFq7LXOfg==}
    engines: {node: '>=16'}
    hasBin: true

  '@types/node@20.12.12':
    resolution: {integrity: sha512-eWLDGF/FOSPtAvEqeRAQ4C8LSA7M1I7i0ky1I8U7kD1J5ITyW3AsRhQrKVoWf5pFKZ2kILsEGJhsI9r93PYnOw==}

  fsevents@2.3.2:
    resolution: {integrity: sha512-xiqMQR4xAeHTuB9uWm+fFRcIOgKBMiOBP+eXiyT7jsgVCq1bkVygt00oASowB7EdtpOHaaPgKt812P9ab+DDKA==}
    engines: {node: ^8.16.0 || ^10.6.0 || >=11.0.0}
    os: [darwin]

  playwright-core@1.44.0:
    resolution: {integrity: sha512-ZTbkNpFfYcGWohvTTl+xewITm7EOuqIqex0c7dNZ+aXsbrLj0qI8XlGKfPpipjm0Wny/4Lt4CJsWJk1stVS5qQ==}
    engines: {node: '>=16'}
    hasBin: true

  playwright@1.44.0:
    resolution: {integrity: sha512-F9b3GUCLQ3Nffrfb6dunPOkE5Mh68tR7zN32L4jCk4FjQamgesGay7/dAAe1WaMEGV04DkdJfcJzjoCKygUaRQ==}
    engines: {node: '>=16'}
    hasBin: true

  undici-types@5.26.5:
    resolution: {integrity: sha512-JlCMO+ehdEIKqlFxk6IfVoAUVmgz7cU7zD/h9XZ0qzeosSHmUJVOzSQvvYSYWXkFXC+IfLKSIffhv0sVZup6pA==}

snapshots:

  '@playwright/test@1.44.0':
    dependencies:
      playwright: 1.44.0

  '@types/node@20.12.12':
    dependencies:
      undici-types: 5.26.5

  fsevents@2.3.2:
    optional: true

  playwright-core@1.44.0: {}

  playwright@1.44.0:
    dependencies:
      playwright-core: 1.44.0
    optionalDependencies:
      fsevents: 2.3.2

  undici-types@5.26.5: {}
