lockfileVersion: '6.0'

settings:
  autoInstallPeers: true
  excludeLinksFromLockfile: false

devDependencies:
  '@types/dom-view-transitions':
    specifier: ^1.0.4
    version: 1.0.4

packages:

  /@types/dom-view-transitions@1.0.4:
    resolution: {integrity: sha512-oDuagM6G+xPLrLU4KeCKlr1oalMF5mJqV5pDPMDVIEaa8AkUW00i6u+5P02XCjdEEUQJC9dpnxqSLsZeAciSLQ==}
    dev: true
