
Microsoft Visual Studio Solution File, Format Version 12.00
# Visual Studio Version 17
VisualStudioVersion = 17.0.31903.59
MinimumVisualStudioVersion = 10.0.40219.1
Project("{2150E333-8FDC-42A3-9474-1A3956D46DE8}") = "src", "src", "{BA616886-B858-409E-87B3-8C58ED6F8150}"
EndProject
Project("{F2A71F9B-5D33-465A-A702-920D77279786}") = "Falco.Datastar", "src\Falco.Datastar\Falco.Datastar.fsproj", "{3CA77A41-A75F-47F8-AD54-4BADE9BBE528}"
EndProject
Project("{2150E333-8FDC-42A3-9474-1A3956D46DE8}") = "examples", "examples", "{086ACD53-E718-4281-B364-39F63AF493A1}"
EndProject
Project("{F2A71F9B-5D33-465A-A702-920D77279786}") = "ClickAndSwap", "examples\ClickAndSwap\ClickAndSwap.fsproj", "{AB2EFD5B-F371-4AAE-A964-08A6FB5397B0}"
EndProject
Project("{F2A71F9B-5D33-465A-A702-920D77279786}") = "HelloWorld", "examples\HelloWorld\HelloWorld.fsproj", "{754D37C1-6B74-4F9C-909E-2CC84C684448}"
EndProject
Global
	GlobalSection(SolutionConfigurationPlatforms) = preSolution
		Debug|Any CPU = Debug|Any CPU
		Release|Any CPU = Release|Any CPU
	EndGlobalSection
	GlobalSection(SolutionProperties) = preSolution
		HideSolutionNode = FALSE
	EndGlobalSection
	GlobalSection(ProjectConfigurationPlatforms) = postSolution
		{3CA77A41-A75F-47F8-AD54-4BADE9BBE528}.Debug|Any CPU.ActiveCfg = Debug|Any CPU
		{3CA77A41-A75F-47F8-AD54-4BADE9BBE528}.Debug|Any CPU.Build.0 = Debug|Any CPU
		{3CA77A41-A75F-47F8-AD54-4BADE9BBE528}.Release|Any CPU.ActiveCfg = Release|Any CPU
		{3CA77A41-A75F-47F8-AD54-4BADE9BBE528}.Release|Any CPU.Build.0 = Release|Any CPU
		{AB2EFD5B-F371-4AAE-A964-08A6FB5397B0}.Debug|Any CPU.ActiveCfg = Debug|Any CPU
		{AB2EFD5B-F371-4AAE-A964-08A6FB5397B0}.Debug|Any CPU.Build.0 = Debug|Any CPU
		{AB2EFD5B-F371-4AAE-A964-08A6FB5397B0}.Release|Any CPU.ActiveCfg = Release|Any CPU
		{AB2EFD5B-F371-4AAE-A964-08A6FB5397B0}.Release|Any CPU.Build.0 = Release|Any CPU
		{754D37C1-6B74-4F9C-909E-2CC84C684448}.Debug|Any CPU.ActiveCfg = Debug|Any CPU
		{754D37C1-6B74-4F9C-909E-2CC84C684448}.Debug|Any CPU.Build.0 = Debug|Any CPU
		{754D37C1-6B74-4F9C-909E-2CC84C684448}.Release|Any CPU.ActiveCfg = Release|Any CPU
		{754D37C1-6B74-4F9C-909E-2CC84C684448}.Release|Any CPU.Build.0 = Release|Any CPU
	EndGlobalSection
	GlobalSection(NestedProjects) = preSolution
		{3CA77A41-A75F-47F8-AD54-4BADE9BBE528} = {BA616886-B858-409E-87B3-8C58ED6F8150}
		{AB2EFD5B-F371-4AAE-A964-08A6FB5397B0} = {086ACD53-E718-4281-B364-39F63AF493A1}
		{754D37C1-6B74-4F9C-909E-2CC84C684448} = {086ACD53-E718-4281-B364-39F63AF493A1}
	EndGlobalSection
EndGlobal
