
Microsoft Visual Studio Solution File, Format Version 12.00
Project("{F2A71F9B-5D33-465A-A702-920D77279786}") = "FalcoServer", "FalcoServer\FalcoServer.fsproj", "{09E02D75-97E2-4C7C-94EA-5D4DCF7E40BD}"
EndProject
Project("{FAE04EC0-301F-11D3-BF4B-00C04F79EFBC}") = "CsharpAspServer", "CsharpAspServer\CsharpAspServer.csproj", "{25B9EF5A-DEC3-4A86-A7AA-AB640BEE8567}"
EndProject
Project("{F2A71F9B-5D33-465A-A702-920D77279786}") = "Datastar", "..\..\sdk\dotnet\src\Datastar.fsproj", "{7604261E-6391-4618-B198-572502559855}"
EndProject
Project("{F2A71F9B-5D33-465A-A702-920D77279786}") = "Falco.Datastar", "..\..\sdk\dotnet\Falco.Datastar\src\Falco.Datastar\Falco.Datastar.fsproj", "{382378B5-BC91-492F-A808-43722E83015D}"
EndProject
Project("{2150E333-8FDC-42A3-9474-1A3956D46DE8}") = "SDK", "SDK", "{6A315935-F223-45BA-A8F2-4DB1F0EC8CCC}"
	ProjectSection(SolutionItems) = preProject
		..\..\sdk\dotnet\Build.ps1 = ..\..\sdk\dotnet\Build.ps1
		..\..\.github\workflows\sdk-dotnet.yml = ..\..\.github\workflows\sdk-dotnet-nuget.yml
	EndProjectSection
EndProject
Global
	GlobalSection(SolutionConfigurationPlatforms) = preSolution
		Debug|Any CPU = Debug|Any CPU
		Release|Any CPU = Release|Any CPU
	EndGlobalSection
	GlobalSection(ProjectConfigurationPlatforms) = postSolution
		{09E02D75-97E2-4C7C-94EA-5D4DCF7E40BD}.Debug|Any CPU.ActiveCfg = Debug|Any CPU
		{09E02D75-97E2-4C7C-94EA-5D4DCF7E40BD}.Debug|Any CPU.Build.0 = Debug|Any CPU
		{09E02D75-97E2-4C7C-94EA-5D4DCF7E40BD}.Release|Any CPU.ActiveCfg = Release|Any CPU
		{09E02D75-97E2-4C7C-94EA-5D4DCF7E40BD}.Release|Any CPU.Build.0 = Release|Any CPU
		{25B9EF5A-DEC3-4A86-A7AA-AB640BEE8567}.Debug|Any CPU.ActiveCfg = Debug|Any CPU
		{25B9EF5A-DEC3-4A86-A7AA-AB640BEE8567}.Debug|Any CPU.Build.0 = Debug|Any CPU
		{25B9EF5A-DEC3-4A86-A7AA-AB640BEE8567}.Release|Any CPU.ActiveCfg = Release|Any CPU
		{25B9EF5A-DEC3-4A86-A7AA-AB640BEE8567}.Release|Any CPU.Build.0 = Release|Any CPU
		{7604261E-6391-4618-B198-572502559855}.Debug|Any CPU.ActiveCfg = Debug|Any CPU
		{7604261E-6391-4618-B198-572502559855}.Debug|Any CPU.Build.0 = Debug|Any CPU
		{7604261E-6391-4618-B198-572502559855}.Release|Any CPU.ActiveCfg = Release|Any CPU
		{7604261E-6391-4618-B198-572502559855}.Release|Any CPU.Build.0 = Release|Any CPU
		{382378B5-BC91-492F-A808-43722E83015D}.Debug|Any CPU.ActiveCfg = Debug|Any CPU
		{382378B5-BC91-492F-A808-43722E83015D}.Debug|Any CPU.Build.0 = Debug|Any CPU
		{382378B5-BC91-492F-A808-43722E83015D}.Release|Any CPU.ActiveCfg = Release|Any CPU
		{382378B5-BC91-492F-A808-43722E83015D}.Release|Any CPU.Build.0 = Release|Any CPU
	EndGlobalSection
	GlobalSection(NestedProjects) = preSolution
		{01B23A4D-E3AD-4C90-A321-F8FE8D60F1BE} = {6A050804-DE2F-461B-9B8B-2B36D83D6A3E}
		{5C0B586C-9A66-4DD7-90EB-EC73431E0D50} = {6A050804-DE2F-461B-9B8B-2B36D83D6A3E}
		{7604261E-6391-4618-B198-572502559855} = {6A315935-F223-45BA-A8F2-4DB1F0EC8CCC}
		{382378B5-BC91-492F-A808-43722E83015D} = {6A315935-F223-45BA-A8F2-4DB1F0EC8CCC}
	EndGlobalSection
EndGlobal
